hash: b098305412c9c0105d572881e395da369b0acf7738d1e89eb816b1e69f731aca
updated: 2018-01-16T10:18:20.068657958+08:00
imports:
- name: github.com/codeskyblue/gosuv
  version: 6f18d35abfca2d1b82e522ea868771436341dd8e
  subpackages:
  - pushover
- name: github.com/codeskyblue/kexec
  version: 863094f94c7fb7c235764bf8f0f79cccea78c8eb
- name: github.com/equinox-io/equinox
  version: f24972fa72facf59d05c91c848b65eac38815915
- name: github.com/franela/goreq
  version: bcd34c9993f899273c74baaa95e15386cd97b6e7
- name: github.com/glycerine/rbuf
  version: 54320fe9f6f340f8fbe3f34306e3c32589d97dc4
- name: github.com/go-yaml/yaml
  version: d670f9405373e636a5a2765eea47fac0c9bc91a4
- name: github.com/goji/httpauth
  version: 2da839ab0f4df05a6db5eb277995589dadbd4fb9
- name: github.com/gorilla/context
  version: 08b5f424b9271eedf6f9f0ce86cb9396ed337a42
- name: github.com/gorilla/mux
  version: 5bbbb5b2b5729b132181cc7f4aa3b3c973e9a0ed
- name: github.com/gorilla/websocket
  version: 292fd08b2560ad524ee37396253d71570339a821
- name: github.com/kennygrant/sanitize
  version: 2e6820834a1f36c626bf19a253b7d3cc060e9b8b
- name: github.com/lunny/dingtalk_webhook
  version: e3534c89ef969912856dfa39e56b09e58c5f5daf
- name: github.com/mitchellh/go-ps
  version: 4fdf99ab29366514c69ccccddab5dc58b8d84062
- name: github.com/qiniu/log
  version: a304a74568d6982c5b89de1c68ac8fca3add196a
- name: github.com/shirou/gopsutil
  version: 6a368fb7cd1221fa6ea90facc9447c9a2234c255
  subpackages:
  - process
- name: github.com/shurcooL/httpfs
  version: 809beceb23714880abc4a382a00c05f89d13b1cc
  subpackages:
  - vfsutil
- name: github.com/shurcooL/vfsgen
  version: bb654eaf43db9a91d1d3201dbd8c4b0423a96872
- name: github.com/urfave/cli
  version: 75104e932ac2ddb944a6ea19d9f9f26316ff1145
- name: golang.org/x/net
  version: 5ccada7d0a7ba9aeb5d3aca8d3501b4c2a509fec
  subpackages:
  - html
  - html/atom
testImports:
- name: github.com/gopherjs/gopherjs
  version: 444abdf920945de5d4a977b572bcc6c674d1e4eb
  subpackages:
  - js
- name: github.com/jtolds/gls
  version: 77f18212c9c7edc9bd6a33d383a7b545ce62f064
- name: github.com/smartystreets/assertions
  version: 0b37b35ec7434b77e77a4bb29b79677cced992ea
  subpackages:
  - internal/go-render/render
  - internal/oglematchers
- name: github.com/smartystreets/goconvey
  version: e5b2b7c9111590d019a696c7800593f666e1a7f4
  subpackages:
  - convey
  - convey/gotest
  - convey/reporting
